PODS:
  - AffdexSDK-iOS (3.2.0):
    - AWSKinesis
  - AWSCore (2.5.3)
  - AWSKinesis (2.5.3):
    - AWSCore (= 2.5.3)
  - Koloda (4.0):
    - pop (~> 1.0)
  - pop (1.0.9)

DEPENDENCIES:
  - AffdexSDK-iOS
  - Koloda (~> 4.0)

SPEC CHECKSUMS:
  AffdexSDK-iOS: 6c81dfdc813507de029584291c7d08a1a983e376
  AWSCore: 344e21892790650cf902246d436402257a545bde
  AWSKinesis: 4959d16b8502f6d1b8764d5a610ee8ee515fd663
  Koloda: cb171633afc6182a77821b7951e38b2cb272ba7c
  pop: f667631a5108a2e60d9e8797c9b32ddaf2080bce

PODFILE CHECKSUM: cb05e384d34ba7f5a698b106067d7f0324fddf00

COCOAPODS: 1.2.0
